// !$*UTF8*$!
{
	archiveVersion = 1;
	classes = {
	};
	objectVersion = 56;
	objects = {

/* Begin PBXBuildFile section */
		5A0407D22AFD476700A4BA84 /* AppDelegate.swift in Sources */ = {isa = PBXBuildFile; fileRef = 5A0407D12AFD476700A4BA84 /* AppDelegate.swift */; };
		5A0407D42AFD476700A4BA84 /* SceneDelegate.swift in Sources */ = {isa = PBXBuildFile; fileRef = 5A0407D32AFD476700A4BA84 /* SceneDelegate.swift */; };
		5A0407DB2AFD476B00A4BA84 /* Assets.xcassets in Resources */ = {isa = PBXBuildFile; fileRef = 5A0407DA2AFD476B00A4BA84 /* Assets.xcassets */; };
		5A0407DE2AFD476B00A4BA84 /* LaunchScreen.storyboard in Resources */ = {isa = PBXBuildFile; fileRef = 5A0407DC2AFD476B00A4BA84 /* LaunchScreen.storyboard */; };
		5A0407E92AFD476B00A4BA84 /* RxAppStoreTests.swift in Sources */ = {isa = PBXBuildFile; fileRef = 5A0407E82AFD476B00A4BA84 /* RxAppStoreTests.swift */; };
		5A0407F32AFD476B00A4BA84 /* RxAppStoreUITests.swift in Sources */ = {isa = PBXBuildFile; fileRef = 5A0407F22AFD476B00A4BA84 /* RxAppStoreUITests.swift */; };
		5A0407F52AFD476B00A4BA84 /* RxAppStoreUITestsLaunchTests.swift in Sources */ = {isa = PBXBuildFile; fileRef = 5A0407F42AFD476B00A4BA84 /* RxAppStoreUITestsLaunchTests.swift */; };
		5A36F11C2AFE1D3A00039ADA /* RxBlocking in Frameworks */ = {isa = PBXBuildFile; productRef = 5A36F11B2AFE1D3A00039ADA /* RxBlocking */; };
		5A36F11E2AFE1D3A00039ADA /* RxCocoa in Frameworks */ = {isa = PBXBuildFile; productRef = 5A36F11D2AFE1D3A00039ADA /* RxCocoa */; };
		5A36F1202AFE1D3A00039ADA /* RxRelay in Frameworks */ = {isa = PBXBuildFile; productRef = 5A36F11F2AFE1D3A00039ADA /* RxRelay */; };
		5A36F1222AFE1D3A00039ADA /* RxSwift in Frameworks */ = {isa = PBXBuildFile; productRef = 5A36F1212AFE1D3A00039ADA /* RxSwift */; };
		5A36F1252AFE1DB600039ADA /* Differentiator in Frameworks */ = {isa = PBXBuildFile; productRef = 5A36F1242AFE1DB600039ADA /* Differentiator */; };
		5A36F1272AFE1DB600039ADA /* RxDataSources in Frameworks */ = {isa = PBXBuildFile; productRef = 5A36F1262AFE1DB600039ADA /* RxDataSources */; };
		5A36F12A2AFE1DD200039ADA /* SnapKit in Frameworks */ = {isa = PBXBuildFile; productRef = 5A36F1292AFE1DD200039ADA /* SnapKit */; };
		5A36F12D2AFE1DF400039ADA /* Moya in Frameworks */ = {isa = PBXBuildFile; productRef = 5A36F12C2AFE1DF400039ADA /* Moya */; };
		5A36F12F2AFE1DF400039ADA /* ReactiveMoya in Frameworks */ = {isa = PBXBuildFile; productRef = 5A36F12E2AFE1DF400039ADA /* ReactiveMoya */; };
		5A36F1312AFE1DF400039ADA /* RxMoya in Frameworks */ = {isa = PBXBuildFile; productRef = 5A36F1302AFE1DF400039ADA /* RxMoya */; };
		5A36F1352AFE1E5E00039ADA /* SearchViewController.swift in Sources */ = {isa = PBXBuildFile; fileRef = 5A36F1342AFE1E5E00039ADA /* SearchViewController.swift */; };
		5A36F13A2AFE228700039ADA /* BaseViewController.swift in Sources */ = {isa = PBXBuildFile; fileRef = 5A36F1392AFE228700039ADA /* BaseViewController.swift */; };
		5A36F13C2AFE2C6A00039ADA /* SearchTableViewCell.swift in Sources */ = {isa = PBXBuildFile; fileRef = 5A36F13B2AFE2C6A00039ADA /* SearchTableViewCell.swift */; };
		5A36F13F2AFE3A8700039ADA /* SearchViewModel.swift in Sources */ = {isa = PBXBuildFile; fileRef = 5A36F13E2AFE3A8700039ADA /* SearchViewModel.swift */; };
		5A36F1422AFE3AAE00039ADA /* ViewModelType.swift in Sources */ = {isa = PBXBuildFile; fileRef = 5A36F1412AFE3AAE00039ADA /* ViewModelType.swift */; };
		5A36F1482AFE413800039ADA /* BaseErrorDTO.swift in Sources */ = {isa = PBXBuildFile; fileRef = 5A36F1472AFE413800039ADA /* BaseErrorDTO.swift */; };
		5A36F14C2AFE42E300039ADA /* SearchRepositoryImpl.swift in Sources */ = {isa = PBXBuildFile; fileRef = 5A36F14B2AFE42E300039ADA /* SearchRepositoryImpl.swift */; };
		5A36F1532AFE48F100039ADA /* SearchDTO.swift in Sources */ = {isa = PBXBuildFile; fileRef = 5A36F1522AFE48F100039ADA /* SearchDTO.swift */; };
		5A36F1622B00BBA700039ADA /* iTunesNetworking.swift in Sources */ = {isa = PBXBuildFile; fileRef = 5A36F1612B00BBA700039ADA /* iTunesNetworking.swift */; };
		5A36F1A02B02209200039ADA /* HTTPMethod.swift in Sources */ = {isa = PBXBuildFile; fileRef = 5A36F19F2B02209100039ADA /* HTTPMethod.swift */; };
		5A36F1A22B0220A700039ADA /* HTTPTask.swift in Sources */ = {isa = PBXBuildFile; fileRef = 5A36F1A12B0220A700039ADA /* HTTPTask.swift */; };
		5A36F1A42B0220C000039ADA /* EndPointType.swift in Sources */ = {isa = PBXBuildFile; fileRef = 5A36F1A32B0220C000039ADA /* EndPointType.swift */; };
		5A36F1A62B0221AB00039ADA /* SearchAPI.swift in Sources */ = {isa = PBXBuildFile; fileRef = 5A36F1A52B0221AB00039ADA /* SearchAPI.swift */; };
		5A36F1AA2B022A1B00039ADA /* SearchRepository.swift in Sources */ = {isa = PBXBuildFile; fileRef = 5A36F1A92B022A1B00039ADA /* SearchRepository.swift */; };
		5A36F1AD2B022A6A00039ADA /* SearchUseCase.swift in Sources */ = {isa = PBXBuildFile; fileRef = 5A36F1AC2B022A6A00039ADA /* SearchUseCase.swift */; };
		5A36F1AF2B02541900039ADA /* ITunesNetworkError.swift in Sources */ = {isa = PBXBuildFile; fileRef = 5A36F1AE2B02541900039ADA /* ITunesNetworkError.swift */; };
/* End PBXBuildFile section */

/* Begin PBXContainerItemProxy section */
		5A0407E52AFD476B00A4BA84 /* PBXContainerItemProxy */ = {
			isa = PBXContainerItemProxy;
			containerPortal = 5A0407C62AFD476700A4BA84 /* Project object */;
			proxyType = 1;
			remoteGlobalIDString = 5A0407CD2AFD476700A4BA84;
			remoteInfo = RxAppStore;
		};
		5A0407EF2AFD476B00A4BA84 /* PBXContainerItemProxy */ = {
			isa = PBXContainerItemProxy;
			containerPortal = 5A0407C62AFD476700A4BA84 /* Project object */;
			proxyType = 1;
			remoteGlobalIDString = 5A0407CD2AFD476700A4BA84;
			remoteInfo = RxAppStore;
		};
/* End PBXContainerItemProxy section */

/* Begin PBXFileReference section */
		5A0407CE2AFD476700A4BA84 /* RxAppStore.app */ = {isa = PBXFileReference; explicitFileType = wrapper.application; includeInIndex = 0; path = RxAppStore.app; sourceTree = BUILT_PRODUCTS_DIR; };
		5A0407D12AFD476700A4BA84 /* AppDelegate.swift */ = {isa = PBXFileReference; lastKnownFileType = sourcecode.swift; path = AppDelegate.swift; sourceTree = "<group>"; };
		5A0407D32AFD476700A4BA84 /* SceneDelegate.swift */ = {isa = PBXFileReference; lastKnownFileType = sourcecode.swift; path = SceneDelegate.swift; sourceTree = "<group>"; };
		5A0407DA2AFD476B00A4BA84 /* Assets.xcassets */ = {isa = PBXFileReference; lastKnownFileType = folder.assetcatalog; path = Assets.xcassets; sourceTree = "<group>"; };
		5A0407DD2AFD476B00A4BA84 /* Base */ = {isa = PBXFileReference; lastKnownFileType = file.storyboard; name = Base; path = Base.lproj/LaunchScreen.storyboard; sourceTree = "<group>"; };
		5A0407DF2AFD476B00A4BA84 /* Info.plist */ = {isa = PBXFileReference; lastKnownFileType = text.plist.xml; path = Info.plist; sourceTree = "<group>"; };
		5A0407E42AFD476B00A4BA84 /* RxAppStoreTests.xctest */ = {isa = PBXFileReference; explicitFileType = wrapper.cfbundle; includeInIndex = 0; path = RxAppStoreTests.xctest; sourceTree = BUILT_PRODUCTS_DIR; };
		5A0407E82AFD476B00A4BA84 /* RxAppStoreTests.swift */ = {isa = PBXFileReference; lastKnownFileType = sourcecode.swift; path = RxAppStoreTests.swift; sourceTree = "<group>"; };
		5A0407EE2AFD476B00A4BA84 /* RxAppStoreUITests.xctest */ = {isa = PBXFileReference; explicitFileType = wrapper.cfbundle; includeInIndex = 0; path = RxAppStoreUITests.xctest; sourceTree = BUILT_PRODUCTS_DIR; };
		5A0407F22AFD476B00A4BA84 /* RxAppStoreUITests.swift */ = {isa = PBXFileReference; lastKnownFileType = sourcecode.swift; path = RxAppStoreUITests.swift; sourceTree = "<group>"; };
		5A0407F42AFD476B00A4BA84 /* RxAppStoreUITestsLaunchTests.swift */ = {isa = PBXFileReference; lastKnownFileType = sourcecode.swift; path = RxAppStoreUITestsLaunchTests.swift; sourceTree = "<group>"; };
		5A36F1342AFE1E5E00039ADA /* SearchViewController.swift */ = {isa = PBXFileReference; lastKnownFileType = sourcecode.swift; path = SearchViewController.swift; sourceTree = "<group>"; };
		5A36F1392AFE228700039ADA /* BaseViewController.swift */ = {isa = PBXFileReference; lastKnownFileType = sourcecode.swift; path = BaseViewController.swift; sourceTree = "<group>"; };
		5A36F13B2AFE2C6A00039ADA /* SearchTableViewCell.swift */ = {isa = PBXFileReference; lastKnownFileType = sourcecode.swift; path = SearchTableViewCell.swift; sourceTree = "<group>"; };
		5A36F13E2AFE3A8700039ADA /* SearchViewModel.swift */ = {isa = PBXFileReference; lastKnownFileType = sourcecode.swift; path = SearchViewModel.swift; sourceTree = "<group>"; };
		5A36F1412AFE3AAE00039ADA /* ViewModelType.swift */ = {isa = PBXFileReference; lastKnownFileType = sourcecode.swift; path = ViewModelType.swift; sourceTree = "<group>"; };
		5A36F1472AFE413800039ADA /* BaseErrorDTO.swift */ = {isa = PBXFileReference; lastKnownFileType = sourcecode.swift; path = BaseErrorDTO.swift; sourceTree = "<group>"; };
		5A36F14B2AFE42E300039ADA /* SearchRepositoryImpl.swift */ = {isa = PBXFileReference; lastKnownFileType = sourcecode.swift; path = SearchRepositoryImpl.swift; sourceTree = "<group>"; };
		5A36F1522AFE48F100039ADA /* SearchDTO.swift */ = {isa = PBXFileReference; lastKnownFileType = sourcecode.swift; path = SearchDTO.swift; sourceTree = "<group>"; };
		5A36F1612B00BBA700039ADA /* iTunesNetworking.swift */ = {isa = PBXFileReference; lastKnownFileType = sourcecode.swift; path = iTunesNetworking.swift; sourceTree = "<group>"; };
		5A36F19F2B02209100039ADA /* HTTPMethod.swift */ = {isa = PBXFileReference; lastKnownFileType = sourcecode.swift; path = HTTPMethod.swift; sourceTree = "<group>"; };
		5A36F1A12B0220A700039ADA /* HTTPTask.swift */ = {isa = PBXFileReference; lastKnownFileType = sourcecode.swift; path = HTTPTask.swift; sourceTree = "<group>"; };
		5A36F1A32B0220C000039ADA /* EndPointType.swift */ = {isa = PBXFileReference; lastKnownFileType = sourcecode.swift; path = EndPointType.swift; sourceTree = "<group>"; };
		5A36F1A52B0221AB00039ADA /* SearchAPI.swift */ = {isa = PBXFileReference; lastKnownFileType = sourcecode.swift; path = SearchAPI.swift; sourceTree = "<group>"; };
		5A36F1A92B022A1B00039ADA /* SearchRepository.swift */ = {isa = PBXFileReference; lastKnownFileType = sourcecode.swift; path = SearchRepository.swift; sourceTree = "<group>"; };
		5A36F1AC2B022A6A00039ADA /* SearchUseCase.swift */ = {isa = PBXFileReference; lastKnownFileType = sourcecode.swift; path = SearchUseCase.swift; sourceTree = "<group>"; };
		5A36F1AE2B02541900039ADA /* ITunesNetworkError.swift */ = {isa = PBXFileReference; lastKnownFileType = sourcecode.swift; path = ITunesNetworkError.swift; sourceTree = "<group>"; };
/* End PBXFileReference section */

/* Begin PBXFrameworksBuildPhase section */
		5A0407CB2AFD476700A4BA84 /* Frameworks */ = {
			isa = PBXFrameworksBuildPhase;
			buildActionMask = 2147483647;
			files = (
				5A36F1312AFE1DF400039ADA /* RxMoya in Frameworks */,
				5A36F1202AFE1D3A00039ADA /* RxRelay in Frameworks */,
				5A36F1252AFE1DB600039ADA /* Differentiator in Frameworks */,
				5A36F12D2AFE1DF400039ADA /* Moya in Frameworks */,
				5A36F11E2AFE1D3A00039ADA /* RxCocoa in Frameworks */,
				5A36F12A2AFE1DD200039ADA /* SnapKit in Frameworks */,
				5A36F12F2AFE1DF400039ADA /* ReactiveMoya in Frameworks */,
				5A36F1272AFE1DB600039ADA /* RxDataSources in Frameworks */,
				5A36F1222AFE1D3A00039ADA /* RxSwift in Frameworks */,
				5A36F11C2AFE1D3A00039ADA /* RxBlocking in Frameworks */,
			);
			runOnlyForDeploymentPostprocessing = 0;
		};
		5A0407E12AFD476B00A4BA84 /* Frameworks */ = {
			isa = PBXFrameworksBuildPhase;
			buildActionMask = 2147483647;
			files = (
			);
			runOnlyForDeploymentPostprocessing = 0;
		};
		5A0407EB2AFD476B00A4BA84 /* Frameworks */ = {
			isa = PBXFrameworksBuildPhase;
			buildActionMask = 2147483647;
			files = (
			);
			runOnlyForDeploymentPostprocessing = 0;
		};
/* End PBXFrameworksBuildPhase section */

/* Begin PBXGroup section */
		5A0407C52AFD476700A4BA84 = {
			isa = PBXGroup;
			children = (
				5A0407D02AFD476700A4BA84 /* RxAppStore */,
				5A0407E72AFD476B00A4BA84 /* RxAppStoreTests */,
				5A0407F12AFD476B00A4BA84 /* RxAppStoreUITests */,
				5A0407CF2AFD476700A4BA84 /* Products */,
			);
			sourceTree = "<group>";
		};
		5A0407CF2AFD476700A4BA84 /* Products */ = {
			isa = PBXGroup;
			children = (
				5A0407CE2AFD476700A4BA84 /* RxAppStore.app */,
				5A0407E42AFD476B00A4BA84 /* RxAppStoreTests.xctest */,
				5A0407EE2AFD476B00A4BA84 /* RxAppStoreUITests.xctest */,
			);
			name = Products;
			sourceTree = "<group>";
		};
		5A0407D02AFD476700A4BA84 /* RxAppStore */ = {
			isa = PBXGroup;
			children = (
				5A36F1362AFE215F00039ADA /* Application */,
				5A36F1372AFE226E00039ADA /* Common */,
				5A36F1432AFE3B6300039ADA /* Data */,
				5A36F1A72B0229FF00039ADA /* Domain */,
				5A36F1322AFE1E3C00039ADA /* Presentation */,
				5A0407DA2AFD476B00A4BA84 /* Assets.xcassets */,
				5A0407DC2AFD476B00A4BA84 /* LaunchScreen.storyboard */,
				5A0407DF2AFD476B00A4BA84 /* Info.plist */,
			);
			path = RxAppStore;
			sourceTree = "<group>";
		};
		5A0407E72AFD476B00A4BA84 /* RxAppStoreTests */ = {
			isa = PBXGroup;
			children = (
				5A0407E82AFD476B00A4BA84 /* RxAppStoreTests.swift */,
			);
			path = RxAppStoreTests;
			sourceTree = "<group>";
		};
		5A0407F12AFD476B00A4BA84 /* RxAppStoreUITests */ = {
			isa = PBXGroup;
			children = (
				5A0407F22AFD476B00A4BA84 /* RxAppStoreUITests.swift */,
				5A0407F42AFD476B00A4BA84 /* RxAppStoreUITestsLaunchTests.swift */,
			);
			path = RxAppStoreUITests;
			sourceTree = "<group>";
		};
		5A36F1322AFE1E3C00039ADA /* Presentation */ = {
			isa = PBXGroup;
			children = (
				5A36F1332AFE1E4700039ADA /* Search */,
			);
			path = Presentation;
			sourceTree = "<group>";
		};
		5A36F1332AFE1E4700039ADA /* Search */ = {
			isa = PBXGroup;
			children = (
				5A36F13D2AFE3A7600039ADA /* ViewModel */,
				5A36F1342AFE1E5E00039ADA /* SearchViewController.swift */,
				5A36F13B2AFE2C6A00039ADA /* SearchTableViewCell.swift */,
			);
			path = Search;
			sourceTree = "<group>";
		};
		5A36F1362AFE215F00039ADA /* Application */ = {
			isa = PBXGroup;
			children = (
				5A0407D12AFD476700A4BA84 /* AppDelegate.swift */,
				5A0407D32AFD476700A4BA84 /* SceneDelegate.swift */,
			);
			path = Application;
			sourceTree = "<group>";
		};
		5A36F1372AFE226E00039ADA /* Common */ = {
			isa = PBXGroup;
			children = (
				5A36F1402AFE3AA200039ADA /* Protocol */,
				5A36F1382AFE227A00039ADA /* Base */,
			);
			path = Common;
			sourceTree = "<group>";
		};
		5A36F1382AFE227A00039ADA /* Base */ = {
			isa = PBXGroup;
			children = (
				5A36F1392AFE228700039ADA /* BaseViewController.swift */,
			);
			path = Base;
			sourceTree = "<group>";
		};
		5A36F13D2AFE3A7600039ADA /* ViewModel */ = {
			isa = PBXGroup;
			children = (
				5A36F13E2AFE3A8700039ADA /* SearchViewModel.swift */,
			);
			path = ViewModel;
			sourceTree = "<group>";
		};
		5A36F1402AFE3AA200039ADA /* Protocol */ = {
			isa = PBXGroup;
			children = (
				5A36F1412AFE3AAE00039ADA /* ViewModelType.swift */,
			);
			path = Protocol;
			sourceTree = "<group>";
		};
		5A36F1432AFE3B6300039ADA /* Data */ = {
			isa = PBXGroup;
			children = (
				5A36F1442AFE3B6F00039ADA /* Network */,
				5A36F14A2AFE42A700039ADA /* Repository */,
			);
			path = Data;
			sourceTree = "<group>";
		};
		5A36F1442AFE3B6F00039ADA /* Network */ = {
			isa = PBXGroup;
			children = (
				5A36F14E2AFE43B100039ADA /* Foundation */,
				5A36F14D2AFE43AC00039ADA /* API */,
				5A36F1492AFE429600039ADA /* DTO + Mapping */,
			);
			path = Network;
			sourceTree = "<group>";
		};
		5A36F1492AFE429600039ADA /* DTO + Mapping */ = {
			isa = PBXGroup;
			children = (
				5A36F1512AFE48D100039ADA /* Search */,
				5A36F1472AFE413800039ADA /* BaseErrorDTO.swift */,
			);
			path = "DTO + Mapping";
			sourceTree = "<group>";
		};
		5A36F14A2AFE42A700039ADA /* Repository */ = {
			isa = PBXGroup;
			children = (
				5A36F14B2AFE42E300039ADA /* SearchRepositoryImpl.swift */,
			);
			path = Repository;
			sourceTree = "<group>";
		};
		5A36F14D2AFE43AC00039ADA /* API */ = {
			isa = PBXGroup;
			children = (
				5A36F1A52B0221AB00039ADA /* SearchAPI.swift */,
			);
			path = API;
			sourceTree = "<group>";
		};
		5A36F14E2AFE43B100039ADA /* Foundation */ = {
			isa = PBXGroup;
			children = (
				5A36F1612B00BBA700039ADA /* iTunesNetworking.swift */,
				5A36F19F2B02209100039ADA /* HTTPMethod.swift */,
				5A36F1A12B0220A700039ADA /* HTTPTask.swift */,
				5A36F1A32B0220C000039ADA /* EndPointType.swift */,
				5A36F1AE2B02541900039ADA /* ITunesNetworkError.swift */,
			);
			path = Foundation;
			sourceTree = "<group>";
		};
		5A36F1512AFE48D100039ADA /* Search */ = {
			isa = PBXGroup;
			children = (
				5A36F1522AFE48F100039ADA /* SearchDTO.swift */,
			);
			path = Search;
			sourceTree = "<group>";
		};
		5A36F1A72B0229FF00039ADA /* Domain */ = {
			isa = PBXGroup;
			children = (
				5A36F1AB2B022A5700039ADA /* UseCase */,
				5A36F1A82B022A0B00039ADA /* RepositoryInterface */,
			);
			path = Domain;
			sourceTree = "<group>";
		};
		5A36F1A82B022A0B00039ADA /* RepositoryInterface */ = {
			isa = PBXGroup;
			children = (
				5A36F1A92B022A1B00039ADA /* SearchRepository.swift */,
			);
			path = RepositoryInterface;
			sourceTree = "<group>";
		};
		5A36F1AB2B022A5700039ADA /* UseCase */ = {
			isa = PBXGroup;
			children = (
				5A36F1AC2B022A6A00039ADA /* SearchUseCase.swift */,
			);
			path = UseCase;
			sourceTree = "<group>";
		};
/* End PBXGroup section */

/* Begin PBXNativeTarget section */
		5A0407CD2AFD476700A4BA84 /* RxAppStore */ = {
			isa = PBXNativeTarget;
			buildConfigurationList = 5A0407F82AFD476B00A4BA84 /* Build configuration list for PBXNativeTarget "RxAppStore" */;
			buildPhases = (
				5A0407CA2AFD476700A4BA84 /* Sources */,
				5A0407CB2AFD476700A4BA84 /* Frameworks */,
				5A0407CC2AFD476700A4BA84 /* Resources */,
			);
			buildRules = (
			);
			dependencies = (
			);
			name = RxAppStore;
			packageProductDependencies = (
				5A36F11B2AFE1D3A00039ADA /* RxBlocking */,
				5A36F11D2AFE1D3A00039ADA /* RxCocoa */,
				5A36F11F2AFE1D3A00039ADA /* RxRelay */,
				5A36F1212AFE1D3A00039ADA /* RxSwift */,
				5A36F1242AFE1DB600039ADA /* Differentiator */,
				5A36F1262AFE1DB600039ADA /* RxDataSources */,
				5A36F1292AFE1DD200039ADA /* SnapKit */,
				5A36F12C2AFE1DF400039ADA /* Moya */,
				5A36F12E2AFE1DF400039ADA /* ReactiveMoya */,
				5A36F1302AFE1DF400039ADA /* RxMoya */,
			);
			productName = RxAppStore;
			productReference = 5A0407CE2AFD476700A4BA84 /* RxAppStore.app */;
			productType = "com.apple.product-type.application";
		};
		5A0407E32AFD476B00A4BA84 /* RxAppStoreTests */ = {
			isa = PBXNativeTarget;
			buildConfigurationList = 5A0407FB2AFD476B00A4BA84 /* Build configuration list for PBXNativeTarget "RxAppStoreTests" */;
			buildPhases = (
				5A0407E02AFD476B00A4BA84 /* Sources */,
				5A0407E12AFD476B00A4BA84 /* Frameworks */,
				5A0407E22AFD476B00A4BA84 /* Resources */,
			);
			buildRules = (
			);
			dependencies = (
				5A0407E62AFD476B00A4BA84 /* PBXTargetDependency */,
			);
			name = RxAppStoreTests;
			productName = RxAppStoreTests;
			productReference = 5A0407E42AFD476B00A4BA84 /* RxAppStoreTests.xctest */;
			productType = "com.apple.product-type.bundle.unit-test";
		};
		5A0407ED2AFD476B00A4BA84 /* RxAppStoreUITests */ = {
			isa = PBXNativeTarget;
			buildConfigurationList = 5A0407FE2AFD476B00A4BA84 /* Build configuration list for PBXNativeTarget "RxAppStoreUITests" */;
			buildPhases = (
				5A0407EA2AFD476B00A4BA84 /* Sources */,
				5A0407EB2AFD476B00A4BA84 /* Frameworks */,
				5A0407EC2AFD476B00A4BA84 /* Resources */,
			);
			buildRules = (
			);
			dependencies = (
				5A0407F02AFD476B00A4BA84 /* PBXTargetDependency */,
			);
			name = RxAppStoreUITests;
			productName = RxAppStoreUITests;
			productReference = 5A0407EE2AFD476B00A4BA84 /* RxAppStoreUITests.xctest */;
			productType = "com.apple.product-type.bundle.ui-testing";
		};
/* End PBXNativeTarget section */

/* Begin PBXProject section */
		5A0407C62AFD476700A4BA84 /* Project object */ = {
			isa = PBXProject;
			attributes = {
				BuildIndependentTargetsInParallel = 1;
				LastSwiftUpdateCheck = 1430;
				LastUpgradeCheck = 1430;
				TargetAttributes = {
					5A0407CD2AFD476700A4BA84 = {
						CreatedOnToolsVersion = 14.3.1;
					};
					5A0407E32AFD476B00A4BA84 = {
						CreatedOnToolsVersion = 14.3.1;
						TestTargetID = 5A0407CD2AFD476700A4BA84;
					};
					5A0407ED2AFD476B00A4BA84 = {
						CreatedOnToolsVersion = 14.3.1;
						TestTargetID = 5A0407CD2AFD476700A4BA84;
					};
				};
			};
			buildConfigurationList = 5A0407C92AFD476700A4BA84 /* Build configuration list for PBXProject "RxAppStore" */;
			compatibilityVersion = "Xcode 14.0";
			developmentRegion = en;
			hasScannedForEncodings = 0;
			knownRegions = (
				en,
				Base,
			);
			mainGroup = 5A0407C52AFD476700A4BA84;
			packageReferences = (
				5A36F11A2AFE1D3A00039ADA /* XCRemoteSwiftPackageReference "RxSwift" */,
				5A36F1232AFE1DB600039ADA /* XCRemoteSwiftPackageReference "RxDataSources" */,
				5A36F1282AFE1DD200039ADA /* XCRemoteSwiftPackageReference "SnapKit" */,
				5A36F12B2AFE1DF400039ADA /* XCRemoteSwiftPackageReference "Moya" */,
			);
			productRefGroup = 5A0407CF2AFD476700A4BA84 /* Products */;
			projectDirPath = "";
			projectRoot = "";
			targets = (
				5A0407CD2AFD476700A4BA84 /* RxAppStore */,
				5A0407E32AFD476B00A4BA84 /* RxAppStoreTests */,
				5A0407ED2AFD476B00A4BA84 /* RxAppStoreUITests */,
			);
		};
/* End PBXProject section */

/* Begin PBXResourcesBuildPhase section */
		5A0407CC2AFD476700A4BA84 /* Resources */ = {
			isa = PBXResourcesBuildPhase;
			buildActionMask = 2147483647;
			files = (
				5A0407DE2AFD476B00A4BA84 /* LaunchScreen.storyboard in Resources */,
				5A0407DB2AFD476B00A4BA84 /* Assets.xcassets in Resources */,
			);
			runOnlyForDeploymentPostprocessing = 0;
		};
		5A0407E22AFD476B00A4BA84 /* Resources */ = {
			isa = PBXResourcesBuildPhase;
			buildActionMask = 2147483647;
			files = (
			);
			runOnlyForDeploymentPostprocessing = 0;
		};
		5A0407EC2AFD476B00A4BA84 /* Resources */ = {
			isa = PBXResourcesBuildPhase;
			buildActionMask = 2147483647;
			files = (
			);
			runOnlyForDeploymentPostprocessing = 0;
		};
/* End PBXResourcesBuildPhase section */

/* Begin PBXSourcesBuildPhase section */
		5A0407CA2AFD476700A4BA84 /* Sources */ = {
			isa = PBXSourcesBuildPhase;
			buildActionMask = 2147483647;
			files = (
				5A36F1A42B0220C000039ADA /* EndPointType.swift in Sources */,
				5A36F1AF2B02541900039ADA /* ITunesNetworkError.swift in Sources */,
				5A36F1A02B02209200039ADA /* HTTPMethod.swift in Sources */,
				5A36F1A62B0221AB00039ADA /* SearchAPI.swift in Sources */,
				5A36F14C2AFE42E300039ADA /* SearchRepositoryImpl.swift in Sources */,
				5A36F13F2AFE3A8700039ADA /* SearchViewModel.swift in Sources */,
				5A0407D22AFD476700A4BA84 /* AppDelegate.swift in Sources */,
				5A36F1A22B0220A700039ADA /* HTTPTask.swift in Sources */,
				5A36F13A2AFE228700039ADA /* BaseViewController.swift in Sources */,
				5A36F1482AFE413800039ADA /* BaseErrorDTO.swift in Sources */,
				5A36F1352AFE1E5E00039ADA /* SearchViewController.swift in Sources */,
				5A36F1622B00BBA700039ADA /* iTunesNetworking.swift in Sources */,
				5A0407D42AFD476700A4BA84 /* SceneDelegate.swift in Sources */,
				5A36F13C2AFE2C6A00039ADA /* SearchTableViewCell.swift in Sources */,
				5A36F1AA2B022A1B00039ADA /* SearchRepository.swift in Sources */,
				5A36F1532AFE48F100039ADA /* SearchDTO.swift in Sources */,
				5A36F1422AFE3AAE00039ADA /* ViewModelType.swift in Sources */,
				5A36F1AD2B022A6A00039ADA /* SearchUseCase.swift in Sources */,
			);
			runOnlyForDeploymentPostprocessing = 0;
		};
		5A0407E02AFD476B00A4BA84 /* Sources */ = {
			isa = PBXSourcesBuildPhase;
			buildActionMask = 2147483647;
			files = (
				5A0407E92AFD476B00A4BA84 /* RxAppStoreTests.swift in Sources */,
			);
			runOnlyForDeploymentPostprocessing = 0;
		};
		5A0407EA2AFD476B00A4BA84 /* Sources */ = {
			isa = PBXSourcesBuildPhase;
			buildActionMask = 2147483647;
			files = (
				5A0407F52AFD476B00A4BA84 /* RxAppStoreUITestsLaunchTests.swift in Sources */,
				5A0407F32AFD476B00A4BA84 /* RxAppStoreUITests.swift in Sources */,
			);
			runOnlyForDeploymentPostprocessing = 0;
		};
/* End PBXSourcesBuildPhase section */

/* Begin PBXTargetDependency section */
		5A0407E62AFD476B00A4BA84 /* PBXTargetDependency */ = {
			isa = PBXTargetDependency;
			target = 5A0407CD2AFD476700A4BA84 /* RxAppStore */;
			targetProxy = 5A0407E52AFD476B00A4BA84 /* PBXContainerItemProxy */;
		};
		5A0407F02AFD476B00A4BA84 /* PBXTargetDependency */ = {
			isa = PBXTargetDependency;
			target = 5A0407CD2AFD476700A4BA84 /* RxAppStore */;
			targetProxy = 5A0407EF2AFD476B00A4BA84 /* PBXContainerItemProxy */;
		};
/* End PBXTargetDependency section */

/* Begin PBXVariantGroup section */
		5A0407DC2AFD476B00A4BA84 /* LaunchScreen.storyboard */ = {
			isa = PBXVariantGroup;
			children = (
				5A0407DD2AFD476B00A4BA84 /* Base */,
			);
			name = LaunchScreen.storyboard;
			sourceTree = "<group>";
		};
/* End PBXVariantGroup section */

/* Begin XCBuildConfiguration section */
		5A0407F62AFD476B00A4BA84 /* Debug */ = {
			isa = XCBuildConfiguration;
			buildSettings = {
				ALWAYS_SEARCH_USER_PATHS = NO;
				CLANG_ANALYZER_NONNULL = YES;
				CLANG_ANALYZER_NUMBER_OBJECT_CONVERSION = YES_AGGRESSIVE;
				CLANG_CXX_LANGUAGE_STANDARD = "gnu++20";
				CLANG_ENABLE_MODULES = YES;
				CLANG_ENABLE_OBJC_ARC = YES;
				CLANG_ENABLE_OBJC_WEAK = YES;
				CLANG_WARN_BLOCK_CAPTURE_AUTORELEASING = YES;
				CLANG_WARN_BOOL_CONVERSION = YES;
				CLANG_WARN_COMMA = YES;
				CLANG_WARN_CONSTANT_CONVERSION = YES;
				CLANG_WARN_DEPRECATED_OBJC_IMPLEMENTATIONS = YES;
				CLANG_WARN_DIRECT_OBJC_ISA_USAGE = YES_ERROR;
				CLANG_WARN_DOCUMENTATION_COMMENTS = YES;
				CLANG_WARN_EMPTY_BODY = YES;
				CLANG_WARN_ENUM_CONVERSION = YES;
				CLANG_WARN_INFINITE_RECURSION = YES;
				CLANG_WARN_INT_CONVERSION = YES;
				CLANG_WARN_NON_LITERAL_NULL_CONVERSION = YES;
				CLANG_WARN_OBJC_IMPLICIT_RETAIN_SELF = YES;
				CLANG_WARN_OBJC_LITERAL_CONVERSION = YES;
				CLANG_WARN_OBJC_ROOT_CLASS = YES_ERROR;
				CLANG_WARN_QUOTED_INCLUDE_IN_FRAMEWORK_HEADER = YES;
				CLANG_WARN_RANGE_LOOP_ANALYSIS = YES;
				CLANG_WARN_STRICT_PROTOTYPES = YES;
				CLANG_WARN_SUSPICIOUS_MOVE = YES;
				CLANG_WARN_UNGUARDED_AVAILABILITY = YES_AGGRESSIVE;
				CLANG_WARN_UNREACHABLE_CODE = YES;
				CLANG_WARN__DUPLICATE_METHOD_MATCH = YES;
				COPY_PHASE_STRIP = NO;
				DEBUG_INFORMATION_FORMAT = dwarf;
				ENABLE_STRICT_OBJC_MSGSEND = YES;
				ENABLE_TESTABILITY = YES;
				GCC_C_LANGUAGE_STANDARD = gnu11;
				GCC_DYNAMIC_NO_PIC = NO;
				GCC_NO_COMMON_BLOCKS = YES;
				GCC_OPTIMIZATION_LEVEL = 0;
				GCC_PREPROCESSOR_DEFINITIONS = (
					"DEBUG=1",
					"$(inherited)",
				);
				GCC_WARN_64_TO_32_BIT_CONVERSION = YES;
				GCC_WARN_ABOUT_RETURN_TYPE = YES_ERROR;
				GCC_WARN_UNDECLARED_SELECTOR = YES;
				GCC_WARN_UNINITIALIZED_AUTOS = YES_AGGRESSIVE;
				GCC_WARN_UNUSED_FUNCTION = YES;
				GCC_WARN_UNUSED_VARIABLE = YES;
				IPHONEOS_DEPLOYMENT_TARGET = 16.4;
				MTL_ENABLE_DEBUG_INFO = INCLUDE_SOURCE;
				MTL_FAST_MATH = YES;
				ONLY_ACTIVE_ARCH = YES;
				SDKROOT = iphoneos;
				SWIFT_ACTIVE_COMPILATION_CONDITIONS = DEBUG;
				SWIFT_OPTIMIZATION_LEVEL = "-Onone";
			};
			name = Debug;
		};
		5A0407F72AFD476B00A4BA84 /* Release */ = {
			isa = XCBuildConfiguration;
			buildSettings = {
				ALWAYS_SEARCH_USER_PATHS = NO;
				CLANG_ANALYZER_NONNULL = YES;
				CLANG_ANALYZER_NUMBER_OBJECT_CONVERSION = YES_AGGRESSIVE;
				CLANG_CXX_LANGUAGE_STANDARD = "gnu++20";
				CLANG_ENABLE_MODULES = YES;
				CLANG_ENABLE_OBJC_ARC = YES;
				CLANG_ENABLE_OBJC_WEAK = YES;
				CLANG_WARN_BLOCK_CAPTURE_AUTORELEASING = YES;
				CLANG_WARN_BOOL_CONVERSION = YES;
				CLANG_WARN_COMMA = YES;
				CLANG_WARN_CONSTANT_CONVERSION = YES;
				CLANG_WARN_DEPRECATED_OBJC_IMPLEMENTATIONS = YES;
				CLANG_WARN_DIRECT_OBJC_ISA_USAGE = YES_ERROR;
				CLANG_WARN_DOCUMENTATION_COMMENTS = YES;
				CLANG_WARN_EMPTY_BODY = YES;
				CLANG_WARN_ENUM_CONVERSION = YES;
				CLANG_WARN_INFINITE_RECURSION = YES;
				CLANG_WARN_INT_CONVERSION = YES;
				CLANG_WARN_NON_LITERAL_NULL_CONVERSION = YES;
				CLANG_WARN_OBJC_IMPLICIT_RETAIN_SELF = YES;
				CLANG_WARN_OBJC_LITERAL_CONVERSION = YES;
				CLANG_WARN_OBJC_ROOT_CLASS = YES_ERROR;
				CLANG_WARN_QUOTED_INCLUDE_IN_FRAMEWORK_HEADER = YES;
				CLANG_WARN_RANGE_LOOP_ANALYSIS = YES;
				CLANG_WARN_STRICT_PROTOTYPES = YES;
				CLANG_WARN_SUSPICIOUS_MOVE = YES;
				CLANG_WARN_UNGUARDED_AVAILABILITY = YES_AGGRESSIVE;
				CLANG_WARN_UNREACHABLE_CODE = YES;
				CLANG_WARN__DUPLICATE_METHOD_MATCH = YES;
				COPY_PHASE_STRIP = NO;
				DEBUG_INFORMATION_FORMAT = "dwarf-with-dsym";
				ENABLE_NS_ASSERTIONS = NO;
				ENABLE_STRICT_OBJC_MSGSEND = YES;
				GCC_C_LANGUAGE_STANDARD = gnu11;
				GCC_NO_COMMON_BLOCKS = YES;
				GCC_WARN_64_TO_32_BIT_CONVERSION = YES;
				GCC_WARN_ABOUT_RETURN_TYPE = YES_ERROR;
				GCC_WARN_UNDECLARED_SELECTOR = YES;
				GCC_WARN_UNINITIALIZED_AUTOS = YES_AGGRESSIVE;
				GCC_WARN_UNUSED_FUNCTION = YES;
				GCC_WARN_UNUSED_VARIABLE = YES;
				IPHONEOS_DEPLOYMENT_TARGET = 16.4;
				MTL_ENABLE_DEBUG_INFO = NO;
				MTL_FAST_MATH = YES;
				SDKROOT = iphoneos;
				SWIFT_COMPILATION_MODE = wholemodule;
				SWIFT_OPTIMIZATION_LEVEL = "-O";
				VALIDATE_PRODUCT = YES;
			};
			name = Release;
		};
		5A0407F92AFD476B00A4BA84 /* Debug */ = {
			isa = XCBuildConfiguration;
			buildSettings = {
				ASSETCATALOG_COMPILER_APPICON_NAME = AppIcon;
				ASSETCATALOG_COMPILER_GLOBAL_ACCENT_COLOR_NAME = AccentColor;
				CODE_SIGN_STYLE = Automatic;
				CURRENT_PROJECT_VERSION = 1;
				DEVELOPMENT_TEAM = 8LJ2P85FNV;
				GENERATE_INFOPLIST_FILE = YES;
				INFOPLIST_FILE = RxAppStore/Info.plist;
				INFOPLIST_KEY_UIApplicationSupportsIndirectInputEvents = YES;
				INFOPLIST_KEY_UILaunchStoryboardName = LaunchScreen;
				INFOPLIST_KEY_UISupportedInterfaceOrientations_iPad = "UIInterfaceOrientationPortrait UIInterfaceOrientationPortraitUpsideDown UIInterfaceOrientationLandscapeLeft UIInterfaceOrientationLandscapeRight";
				INFOPLIST_KEY_UISupportedInterfaceOrientations_iPhone = "UIInterfaceOrientationPortrait UIInterfaceOrientationLandscapeLeft UIInterfaceOrientationLandscapeRight";
				LD_RUNPATH_SEARCH_PATHS = (
					"$(inherited)",
					"@executable_path/Frameworks",
				);
				MARKETING_VERSION = 1.0;
				PRODUCT_BUNDLE_IDENTIFIER = com.ios.RxAppStore;
				PRODUCT_NAME = "$(TARGET_NAME)";
				SUPPORTED_PLATFORMS = "iphoneos iphonesimulator";
				SUPPORTS_MACCATALYST = NO;
				SUPPORTS_MAC_DESIGNED_FOR_IPHONE_IPAD = NO;
				SWIFT_EMIT_LOC_STRINGS = YES;
				SWIFT_VERSION = 5.0;
				TARGETED_DEVICE_FAMILY = 1;
			};
			name = Debug;
		};
		5A0407FA2AFD476B00A4BA84 /* Release */ = {
			isa = XCBuildConfiguration;
			buildSettings = {
				ASSETCATALOG_COMPILER_APPICON_NAME = AppIcon;
				ASSETCATALOG_COMPILER_GLOBAL_ACCENT_COLOR_NAME = AccentColor;
				CODE_SIGN_STYLE = Automatic;
				CURRENT_PROJECT_VERSION = 1;
				DEVELOPMENT_TEAM = 8LJ2P85FNV;
				GENERATE_INFOPLIST_FILE = YES;
				INFOPLIST_FILE = RxAppStore/Info.plist;
				INFOPLIST_KEY_UIApplicationSupportsIndirectInputEvents = YES;
				INFOPLIST_KEY_UILaunchStoryboardName = LaunchScreen;
				INFOPLIST_KEY_UISupportedInterfaceOrientations_iPad = "UIInterfaceOrientationPortrait UIInterfaceOrientationPortraitUpsideDown UIInterfaceOrientationLandscapeLeft UIInterfaceOrientationLandscapeRight";
				INFOPLIST_KEY_UISupportedInterfaceOrientations_iPhone = "UIInterfaceOrientationPortrait UIInterfaceOrientationLandscapeLeft UIInterfaceOrientationLandscapeRight";
				LD_RUNPATH_SEARCH_PATHS = (
					"$(inherited)",
					"@executable_path/Frameworks",
				);
				MARKETING_VERSION = 1.0;
				PRODUCT_BUNDLE_IDENTIFIER = com.ios.RxAppStore;
				PRODUCT_NAME = "$(TARGET_NAME)";
				SUPPORTED_PLATFORMS = "iphoneos iphonesimulator";
				SUPPORTS_MACCATALYST = NO;
				SUPPORTS_MAC_DESIGNED_FOR_IPHONE_IPAD = NO;
				SWIFT_EMIT_LOC_STRINGS = YES;
				SWIFT_VERSION = 5.0;
				TARGETED_DEVICE_FAMILY = 1;
			};
			name = Release;
		};
		5A0407FC2AFD476B00A4BA84 /* Debug */ = {
			isa = XCBuildConfiguration;
			buildSettings = {
				ALWAYS_EMBED_SWIFT_STANDARD_LIBRARIES = YES;
				BUNDLE_LOADER = "$(TEST_HOST)";
				CODE_SIGN_STYLE = Automatic;
				CURRENT_PROJECT_VERSION = 1;
				DEVELOPMENT_TEAM = 8LJ2P85FNV;
				GENERATE_INFOPLIST_FILE = YES;
				IPHONEOS_DEPLOYMENT_TARGET = 16.4;
				MARKETING_VERSION = 1.0;
				PRODUCT_BUNDLE_IDENTIFIER = com.ios.RxAppStoreTests;
				PRODUCT_NAME = "$(TARGET_NAME)";
				SWIFT_EMIT_LOC_STRINGS = NO;
				SWIFT_VERSION = 5.0;
				TARGETED_DEVICE_FAMILY = "1,2";
				TEST_HOST = "$(BUILT_PRODUCTS_DIR)/RxAppStore.app/$(BUNDLE_EXECUTABLE_FOLDER_PATH)/RxAppStore";
			};
			name = Debug;
		};
		5A0407FD2AFD476B00A4BA84 /* Release */ = {
			isa = XCBuildConfiguration;
			buildSettings = {
				ALWAYS_EMBED_SWIFT_STANDARD_LIBRARIES = YES;
				BUNDLE_LOADER = "$(TEST_HOST)";
				CODE_SIGN_STYLE = Automatic;
				CURRENT_PROJECT_VERSION = 1;
				DEVELOPMENT_TEAM = 8LJ2P85FNV;
				GENERATE_INFOPLIST_FILE = YES;
				IPHONEOS_DEPLOYMENT_TARGET = 16.4;
				MARKETING_VERSION = 1.0;
				PRODUCT_BUNDLE_IDENTIFIER = com.ios.RxAppStoreTests;
				PRODUCT_NAME = "$(TARGET_NAME)";
				SWIFT_EMIT_LOC_STRINGS = NO;
				SWIFT_VERSION = 5.0;
				TARGETED_DEVICE_FAMILY = "1,2";
				TEST_HOST = "$(BUILT_PRODUCTS_DIR)/RxAppStore.app/$(BUNDLE_EXECUTABLE_FOLDER_PATH)/RxAppStore";
			};
			name = Release;
		};
		5A0407FF2AFD476B00A4BA84 /* Debug */ = {
			isa = XCBuildConfiguration;
			buildSettings = {
				ALWAYS_EMBED_SWIFT_STANDARD_LIBRARIES = YES;
				CODE_SIGN_STYLE = Automatic;
				CURRENT_PROJECT_VERSION = 1;
				DEVELOPMENT_TEAM = 8LJ2P85FNV;
				GENERATE_INFOPLIST_FILE = YES;
				MARKETING_VERSION = 1.0;
				PRODUCT_BUNDLE_IDENTIFIER = com.ios.RxAppStoreUITests;
				PRODUCT_NAME = "$(TARGET_NAME)";
				SWIFT_EMIT_LOC_STRINGS = NO;
				SWIFT_VERSION = 5.0;
				TARGETED_DEVICE_FAMILY = "1,2";
				TEST_TARGET_NAME = RxAppStore;
			};
			name = Debug;
		};
		5A0408002AFD476B00A4BA84 /* Release */ = {
			isa = XCBuildConfiguration;
			buildSettings = {
				ALWAYS_EMBED_SWIFT_STANDARD_LIBRARIES = YES;
				CODE_SIGN_STYLE = Automatic;
				CURRENT_PROJECT_VERSION = 1;
				DEVELOPMENT_TEAM = 8LJ2P85FNV;
				GENERATE_INFOPLIST_FILE = YES;
				MARKETING_VERSION = 1.0;
				PRODUCT_BUNDLE_IDENTIFIER = com.ios.RxAppStoreUITests;
				PRODUCT_NAME = "$(TARGET_NAME)";
				SWIFT_EMIT_LOC_STRINGS = NO;
				SWIFT_VERSION = 5.0;
				TARGETED_DEVICE_FAMILY = "1,2";
				TEST_TARGET_NAME = RxAppStore;
			};
			name = Release;
		};
/* End XCBuildConfiguration section */

/* Begin XCConfigurationList section */
		5A0407C92AFD476700A4BA84 /* Build configuration list for PBXProject "RxAppStore" */ = {
			isa = XCConfigurationList;
			buildConfigurations = (
				5A0407F62AFD476B00A4BA84 /* Debug */,
				5A0407F72AFD476B00A4BA84 /* Release */,
			);
			defaultConfigurationIsVisible = 0;
			defaultConfigurationName = Release;
		};
		5A0407F82AFD476B00A4BA84 /* Build configuration list for PBXNativeTarget "RxAppStore" */ = {
			isa = XCConfigurationList;
			buildConfigurations = (
				5A0407F92AFD476B00A4BA84 /* Debug */,
				5A0407FA2AFD476B00A4BA84 /* Release */,
			);
			defaultConfigurationIsVisible = 0;
			defaultConfigurationName = Release;
		};
		5A0407FB2AFD476B00A4BA84 /* Build configuration list for PBXNativeTarget "RxAppStoreTests" */ = {
			isa = XCConfigurationList;
			buildConfigurations = (
				5A0407FC2AFD476B00A4BA84 /* Debug */,
				5A0407FD2AFD476B00A4BA84 /* Release */,
			);
			defaultConfigurationIsVisible = 0;
			defaultConfigurationName = Release;
		};
		5A0407FE2AFD476B00A4BA84 /* Build configuration list for PBXNativeTarget "RxAppStoreUITests" */ = {
			isa = XCConfigurationList;
			buildConfigurations = (
				5A0407FF2AFD476B00A4BA84 /* Debug */,
				5A0408002AFD476B00A4BA84 /* Release */,
			);
			defaultConfigurationIsVisible = 0;
			defaultConfigurationName = Release;
		};
/* End XCConfigurationList section */

/* Begin XCRemoteSwiftPackageReference section */
		5A36F11A2AFE1D3A00039ADA /* XCRemoteSwiftPackageReference "RxSwift" */ = {
			isa = XCRemoteSwiftPackageReference;
			repositoryURL = "https://github.com/ReactiveX/RxSwift";
			requirement = {
				kind = upToNextMajorVersion;
				minimumVersion = 6.0.0;
			};
		};
		5A36F1232AFE1DB600039ADA /* XCRemoteSwiftPackageReference "RxDataSources" */ = {
			isa = XCRemoteSwiftPackageReference;
			repositoryURL = "https://github.com/RxSwiftCommunity/RxDataSources";
			requirement = {
				kind = upToNextMajorVersion;
				minimumVersion = 5.0.0;
			};
		};
		5A36F1282AFE1DD200039ADA /* XCRemoteSwiftPackageReference "SnapKit" */ = {
			isa = XCRemoteSwiftPackageReference;
			repositoryURL = "https://github.com/SnapKit/SnapKit";
			requirement = {
				kind = upToNextMajorVersion;
				minimumVersion = 5.0.0;
			};
		};
		5A36F12B2AFE1DF400039ADA /* XCRemoteSwiftPackageReference "Moya" */ = {
			isa = XCRemoteSwiftPackageReference;
			repositoryURL = "https://github.com/Moya/Moya.git";
			requirement = {
				kind = upToNextMajorVersion;
				minimumVersion = 15.0.0;
			};
		};
/* End XCRemoteSwiftPackageReference section */

/* Begin XCSwiftPackageProductDependency section */
		5A36F11B2AFE1D3A00039ADA /* RxBlocking */ = {
			isa = XCSwiftPackageProductDependency;
			package = 5A36F11A2AFE1D3A00039ADA /* XCRemoteSwiftPackageReference "RxSwift" */;
			productName = RxBlocking;
		};
		5A36F11D2AFE1D3A00039ADA /* RxCocoa */ = {
			isa = XCSwiftPackageProductDependency;
			package = 5A36F11A2AFE1D3A00039ADA /* XCRemoteSwiftPackageReference "RxSwift" */;
			productName = RxCocoa;
		};
		5A36F11F2AFE1D3A00039ADA /* RxRelay */ = {
			isa = XCSwiftPackageProductDependency;
			package = 5A36F11A2AFE1D3A00039ADA /* XCRemoteSwiftPackageReference "RxSwift" */;
			productName = RxRelay;
		};
		5A36F1212AFE1D3A00039ADA /* RxSwift */ = {
			isa = XCSwiftPackageProductDependency;
			package = 5A36F11A2AFE1D3A00039ADA /* XCRemoteSwiftPackageReference "RxSwift" */;
			productName = RxSwift;
		};
		5A36F1242AFE1DB600039ADA /* Differentiator */ = {
			isa = XCSwiftPackageProductDependency;
			package = 5A36F1232AFE1DB600039ADA /* XCRemoteSwiftPackageReference "RxDataSources" */;
			productName = Differentiator;
		};
		5A36F1262AFE1DB600039ADA /* RxDataSources */ = {
			isa = XCSwiftPackageProductDependency;
			package = 5A36F1232AFE1DB600039ADA /* XCRemoteSwiftPackageReference "RxDataSources" */;
			productName = RxDataSources;
		};
		5A36F1292AFE1DD200039ADA /* SnapKit */ = {
			isa = XCSwiftPackageProductDependency;
			package = 5A36F1282AFE1DD200039ADA /* XCRemoteSwiftPackageReference "SnapKit" */;
			productName = SnapKit;
		};
		5A36F12C2AFE1DF400039ADA /* Moya */ = {
			isa = XCSwiftPackageProductDependency;
			package = 5A36F12B2AFE1DF400039ADA /* XCRemoteSwiftPackageReference "Moya" */;
			productName = Moya;
		};
		5A36F12E2AFE1DF400039ADA /* ReactiveMoya */ = {
			isa = XCSwiftPackageProductDependency;
			package = 5A36F12B2AFE1DF400039ADA /* XCRemoteSwiftPackageReference "Moya" */;
			productName = ReactiveMoya;
		};
		5A36F1302AFE1DF400039ADA /* RxMoya */ = {
			isa = XCSwiftPackageProductDependency;
			package = 5A36F12B2AFE1DF400039ADA /* XCRemoteSwiftPackageReference "Moya" */;
			productName = RxMoya;
		};
/* End XCSwiftPackageProductDependency section */
	};
	rootObject = 5A0407C62AFD476700A4BA84 /* Project object */;
}
